
Microsoft Visual Studio Solution File, Format Version 12.00
# Visual Studio Version 17
VisualStudioVersion = 17.4.33110.190
MinimumVisualStudioVersion = 10.0.40219.1
Project("{FAE04EC0-301F-11D3-BF4B-00C04F79EFBC}") = "task_1", "task_1\task_1.csproj", "{0C1E490F-E86B-4BE5-8ECF-BA3B127F72B4}"
EndProject
Project("{FAE04EC0-301F-11D3-BF4B-00C04F79EFBC}") = "task_2", "task_2\task_2.csproj", "{94D88BF9-352E-43C2-9196-D285B7E31618}"
EndProject
Project("{FAE04EC0-301F-11D3-BF4B-00C04F79EFBC}") = "task_3", "task_3\task_3.csproj", "{5304A2B3-2BE6-4233-A392-09143B778A3C}"
EndProject
Global
	GlobalSection(SolutionConfigurationPlatforms) = preSolution
		Debug|Any CPU = Debug|Any CPU
		Release|Any CPU = Release|Any CPU
	EndGlobalSection
	GlobalSection(ProjectConfigurationPlatforms) = postSolution
		{0C1E490F-E86B-4BE5-8ECF-BA3B127F72B4}.Debug|Any CPU.ActiveCfg = Debug|Any CPU
		{0C1E490F-E86B-4BE5-8ECF-BA3B127F72B4}.Debug|Any CPU.Build.0 = Debug|Any CPU
		{0C1E490F-E86B-4BE5-8ECF-BA3B127F72B4}.Release|Any CPU.ActiveCfg = Release|Any CPU
		{0C1E490F-E86B-4BE5-8ECF-BA3B127F72B4}.Release|Any CPU.Build.0 = Release|Any CPU
		{94D88BF9-352E-43C2-9196-D285B7E31618}.Debug|Any CPU.ActiveCfg = Debug|Any CPU
		{94D88BF9-352E-43C2-9196-D285B7E31618}.Debug|Any CPU.Build.0 = Debug|Any CPU
		{94D88BF9-352E-43C2-9196-D285B7E31618}.Release|Any CPU.ActiveCfg = Release|Any CPU
		{94D88BF9-352E-43C2-9196-D285B7E31618}.Release|Any CPU.Build.0 = Release|Any CPU
		{5304A2B3-2BE6-4233-A392-09143B778A3C}.Debug|Any CPU.ActiveCfg = Debug|Any CPU
		{5304A2B3-2BE6-4233-A392-09143B778A3C}.Debug|Any CPU.Build.0 = Debug|Any CPU
		{5304A2B3-2BE6-4233-A392-09143B778A3C}.Release|Any CPU.ActiveCfg = Release|Any CPU
		{5304A2B3-2BE6-4233-A392-09143B778A3C}.Release|Any CPU.Build.0 = Release|Any CPU
	EndGlobalSection
	GlobalSection(SolutionProperties) = preSolution
		HideSolutionNode = FALSE
	EndGlobalSection
	GlobalSection(ExtensibilityGlobals) = postSolution
		SolutionGuid = {AA495708-35A6-4742-84D5-A4275AED4FE7}
	EndGlobalSection
EndGlobal
